
Microsoft Visual Studio Solution File, Format Version 12.00
# Visual Studio Version 16
VisualStudioVersion = 16.0.31410.357
MinimumVisualStudioVersion = 10.0.40219.1
Project("{FAE04EC0-301F-11D3-BF4B-00C04F79EFBC}") = "RegularPolygon", "RegularPolygon.csproj", "{F02FE1CF-CCC7-4DAF-B12A-622ABF545AA4}"
EndProject
Global
	GlobalSection(SolutionConfigurationPlatforms) = preSolution
		Debug|Any CPU = Debug|Any CPU
		Release|Any CPU = Release|Any CPU
	EndGlobalSection
	GlobalSection(ProjectConfigurationPlatforms) = postSolution
		{F02FE1CF-CCC7-4DAF-B12A-622ABF545AA4}.Debug|Any CPU.ActiveCfg = Debug|Any CPU
		{F02FE1CF-CCC7-4DAF-B12A-622ABF545AA4}.Debug|Any CPU.Build.0 = Debug|Any CPU
		{F02FE1CF-CCC7-4DAF-B12A-622ABF545AA4}.Release|Any CPU.ActiveCfg = Release|Any CPU
		{F02FE1CF-CCC7-4DAF-B12A-622ABF545AA4}.Release|Any CPU.Build.0 = Release|Any CPU
	EndGlobalSection
	GlobalSection(SolutionProperties) = preSolution
		HideSolutionNode = FALSE
	EndGlobalSection
	GlobalSection(ExtensibilityGlobals) = postSolution
		SolutionGuid = {BC03CCED-AD5C-44BF-B7E5-8A80618F8B3F}
	EndGlobalSection
EndGlobal
